<?xml version="1.0" encoding="utf-8"?>
<Project ToolsVersion="4.0" xmlns="http://schemas.microsoft.com/developer/msbuild/2003">
  <ItemGroup>
    <Filter Include="src">
      <UniqueIdentifier>{9DA55E41-6126-4EF7-ACB8-89A22B0C5720}</UniqueIdentifier>
    </Filter>
    <Filter Include="resources">
      <UniqueIdentifier>{334A0684-6C9C-4D43-8296-26A34F726424}</UniqueIdentifier>
    </Filter>
    <Filter Include="generated">
      <UniqueIdentifier>{756f7c5e-2fe7-4562-b794-7c94a5d651bf}</UniqueIdentifier>
    </Filter>
  </ItemGroup>
  <ItemGroup>
    <ClCompile Include="src\dll\ProtocolLibrary.cpp">
      <Filter>src</Filter>
    </ClCompile>
    <ClCompile Include="src\dll\stdafx.cpp">
      <Filter>src</Filter>
    </ClCompile>
    <ClCompile Include="src\dll\dllmain.cpp">
      <Filter>src</Filter>
    </ClCompile>
    <ClCompile Include="$(GeneratedFilesFolder)\..\ProtocolLibrary_lib\ProtocolLibrary_i.c" />
  </ItemGroup>
  <ItemGroup>
    <ClInclude Include="src\dll\Resource.h">
      <Filter>src</Filter>
    </ClInclude>
    <ClInclude Include="src\dll\dllmain.h">
      <Filter>src</Filter>
    </ClInclude>
    <ClInclude Include="resources\resource.h" />
    <ClInclude Include="$(GeneratedFilesFolder)\..\ProtocolLibrary_lib\ProtocolLibrary_i.h" />
    <ClInclude Include="src\stdafx.h">
      <Filter>src</Filter>
    </ClInclude>
  </ItemGroup>
  <ItemGroup>
    <None Include="ProtocolLibrary.def" />
  </ItemGroup>
  <ItemGroup>
    <ResourceCompile Include="resources\ProtocolLibrary.rc">
      <Filter>resources</Filter>
    </ResourceCompile>
  </ItemGroup>
</Project>