<?xml version="1.0" encoding="utf-8"?>
<Project ToolsVersion="4.0" xmlns="http://schemas.microsoft.com/developer/msbuild/2003">
  <ItemGroup>
    <Filter Include="tests">
      <UniqueIdentifier>{937EBC8F-85FA-457E-B571-AA04EC47D8FA}</UniqueIdentifier>
    </Filter>
    <Filter Include="mocks">
      <UniqueIdentifier>{1742BC46-6C02-41E2-B04D-0FCC98631785}</UniqueIdentifier>
    </Filter>
    <Filter Include="data">
      <UniqueIdentifier>{516B8150-2061-4DFD-B47D-1980157EE59A}</UniqueIdentifier>
    </Filter>
  </ItemGroup>
  <ItemGroup>
    <ClCompile Include="tests\ProtocolLibraryTest.cpp">
      <Filter>tests</Filter>
    </ClCompile>
  </ItemGroup>
</Project>